
Microsoft Visual Studio Solution File, Format Version 12.00
# Visual Studio 2012
Project("{FAE04EC0-301F-11D3-BF4B-00C04F79EFBC}") = "Instasassing", "Instasassing\Instasassing.csproj", "{BEA4D855-3366-4486-A834-13EFF21C72A4}"
EndProject
Global
	GlobalSection(SolutionConfigurationPlatforms) = preSolution
		Debug|Any CPU = Debug|Any CPU
		Release|Any CPU = Release|Any CPU
	EndGlobalSection
	GlobalSection(ProjectConfigurationPlatforms) = postSolution
		{BEA4D855-3366-4486-A834-13EFF21C72A4}.Debug|Any CPU.ActiveCfg = Debug|Any CPU
		{BEA4D855-3366-4486-A834-13EFF21C72A4}.Debug|Any CPU.Build.0 = Debug|Any CPU
		{BEA4D855-3366-4486-A834-13EFF21C72A4}.Release|Any CPU.ActiveCfg = Release|Any CPU
		{BEA4D855-3366-4486-A834-13EFF21C72A4}.Release|Any CPU.Build.0 = Release|Any CPU
	EndGlobalSection
	GlobalSection(SolutionProperties) = preSolution
		HideSolutionNode = FALSE
	EndGlobalSection
EndGlobal
